<?xml version="1.0" encoding="utf-8"?>
<Project ToolsVersion="4.0" xmlns="http://schemas.microsoft.com/developer/msbuild/2003">
  <ItemGroup>
    <Filter Include="Source Files">
      <UniqueIdentifier>{23dd8ca8-dfda-4521-877d-cfc56fbfcfff}</UniqueIdentifier>
      <Extensions>cpp;c;cxx;rc;def;r;odl;idl;hpj;bat</Extensions>
    </Filter>
    <Filter Include="Header Files">
      <UniqueIdentifier>{8ea78f2e-7e87-44fc-a5d7-f502d5461d4e}</UniqueIdentifier>
      <Extensions>h;hpp;hxx;hm;inl</Extensions>
    </Filter>
  </ItemGroup>
  <ItemGroup>
    <ClCompile Include="Excel.cxx">
      <Filter>Source Files</Filter>
    </ClCompile>
    <ClCompile Include="Tabulator.cxx">
      <Filter>Source Files</Filter>
    </ClCompile>
    <ClCompile Include="Tabulator_Exporter.cxx">
      <Filter>Source Files</Filter>
    </ClCompile>
    <ClCompile Include="Tabulator_Grid.cxx">
      <Filter>Source Files</Filter>
    </ClCompile>
    <ClCompile Include="Tabulator_Metafile.cxx">
      <Filter>Source Files</Filter>
    </ClCompile>
    <ClCompile Include="Tabulator_Table.cxx">
      <Filter>Source Files</Filter>
    </ClCompile>
    <ClCompile Include="Tabulator_TextBlock.cxx">
      <Filter>Source Files</Filter>
    </ClCompile>
  </ItemGroup>
  <ItemGroup>
    <ClInclude Include="Excel.hpp">
      <Filter>Header Files</Filter>
    </ClInclude>
    <ClInclude Include="Tabulator.hpp">
      <Filter>Header Files</Filter>
    </ClInclude>
    <ClInclude Include="Tabulator_Exporter.hpp">
      <Filter>Header Files</Filter>
    </ClInclude>
    <ClInclude Include="Tabulator_Table.hpp">
      <Filter>Header Files</Filter>
    </ClInclude>
  </ItemGroup>
</Project>