<?xml version="1.0" encoding="utf-8"?>
<Project ToolsVersion="4.0" xmlns="http://schemas.microsoft.com/developer/msbuild/2003">
  <ItemGroup>
    <Filter Include="Source Files">
      <UniqueIdentifier>{1e3cd92f-2c8d-4110-85df-ffff75202da9}</UniqueIdentifier>
      <Extensions>cpp;c;cxx;rc;def;r;odl;idl;hpj;bat</Extensions>
    </Filter>
    <Filter Include="Header Files">
      <UniqueIdentifier>{309e8e7e-2863-4a30-b70d-5b48933474ec}</UniqueIdentifier>
      <Extensions>h;hpp;hxx;hm;inl</Extensions>
    </Filter>
    <Filter Include="Resource Files">
      <UniqueIdentifier>{7109eed5-625f-42ff-a9f3-31e0abc56f38}</UniqueIdentifier>
      <Extensions>ico;cur;bmp;dlg;rc2;rct;bin;rgs;gif;jpg;jpeg;jpe</Extensions>
    </Filter>
  </ItemGroup>
  <ItemGroup>
    <ClCompile Include="..\wxview\MyCanvas.cxx">
      <Filter>Source Files</Filter>
    </ClCompile>
    <ClCompile Include="PageNumCtrl.cxx">
      <Filter>Source Files</Filter>
    </ClCompile>
    <ClCompile Include="..\wxview\PagePaintHelper.cxx">
      <Filter>Source Files</Filter>
    </ClCompile>
    <ClCompile Include="wxtab.cxx">
      <Filter>Source Files</Filter>
    </ClCompile>
    <ClCompile Include="WxTabBatchExportDlg.cxx">
      <Filter>Source Files</Filter>
    </ClCompile>
    <ClCompile Include="WxTabCanvas.cxx">
      <Filter>Source Files</Filter>
    </ClCompile>
    <ClCompile Include="WxTabDocument.cxx">
      <Filter>Source Files</Filter>
    </ClCompile>
    <ClCompile Include="WxTabFrame.cxx">
      <Filter>Source Files</Filter>
    </ClCompile>
    <ClCompile Include="WxTabTabulator.cxx">
      <Filter>Source Files</Filter>
    </ClCompile>
  </ItemGroup>
  <ItemGroup>
    <ClInclude Include="ErrorReporterInterface.hpp">
      <Filter>Header Files</Filter>
    </ClInclude>
    <ClInclude Include="..\wxview\MyCanvas.hpp">
      <Filter>Header Files</Filter>
    </ClInclude>
    <ClInclude Include="PageNumCtrl.hpp">
      <Filter>Header Files</Filter>
    </ClInclude>
    <ClInclude Include="..\wxview\PagePaintHelper.h">
      <Filter>Header Files</Filter>
    </ClInclude>
    <ClInclude Include="WxTabBatchExportDlg.hpp">
      <Filter>Header Files</Filter>
    </ClInclude>
    <ClInclude Include="WxTabCanvas.hpp">
      <Filter>Header Files</Filter>
    </ClInclude>
    <ClInclude Include="WxTabDocument.hpp">
      <Filter>Header Files</Filter>
    </ClInclude>
    <ClInclude Include="WxTabFrame.hpp">
      <Filter>Header Files</Filter>
    </ClInclude>
    <ClInclude Include="WxTabTabulator.hpp">
      <Filter>Header Files</Filter>
    </ClInclude>
  </ItemGroup>
</Project>