<?xml version="1.0" encoding="UTF-8" standalone="yes" ?>
<CodeBlocks_project_file>
	<FileVersion major="1" minor="6" />
	<Project>
		<Option title="wxtab" />
		<Option pch_mode="2" />
		<Option compiler="gcc" />
		<Build>
			<Target title="Debug">
				<Option output="bin\Debug\wxtab" prefix_auto="1" extension_auto="1" />
				<Option object_output="obj\Debug\" />
				<Option type="1" />
				<Option compiler="gcc" />
				<Option projectLinkerOptionsRelation="2" />
				<Compiler>
					<Add option="-g" />
					<Add option="-D__WXDEBUG__" />
					<Add directory="Q:\wxWidgets-2.8.9\lib\gcc_lib\mswud" />
				</Compiler>
				<ResourceCompiler>
					<Add directory="Q:\wxWidgets-2.8.9\lib\gcc_lib\mswud" />
				</ResourceCompiler>
				<Linker>
					<Add library="libwxmsw28ud_aui.a" />
					<Add library="libwxmsw28ud_adv.a" />
					<Add library="libwxmsw28ud_core.a" />
					<Add library="libwxbase28ud.a" />
					<Add library="libwxpngd.a" />
					<Add library="libwxzlibd.a" />
					<Add library="libwxexpatd.a" />
					<Add directory="Q:\wxWidgets-2.8.9\lib\gcc_lib" />
				</Linker>
			</Target>
			<Target title="Release">
				<Option output="bin\Release\wxtab" prefix_auto="1" extension_auto="1" />
				<Option object_output="obj\Release\" />
				<Option type="0" />
				<Option compiler="gcc" />
				<Option projectLinkerOptionsRelation="2" />
				<Compiler>
					<Add option="-O2" />
					<Add directory="Q:\wxWidgets-2.8.9\lib\gcc_lib\mswu" />
				</Compiler>
				<ResourceCompiler>
					<Add directory="Q:\wxWidgets-2.8.9\lib\gcc_lib\mswu" />
				</ResourceCompiler>
				<Linker>
					<Add option="-s" />
					<Add library="libwxmsw28u_aui.a" />
					<Add library="libwxmsw28u_adv.a" />
					<Add library="libwxmsw28u_core.a" />
					<Add library="libwxbase28u.a" />
					<Add library="libwxpng.a" />
					<Add library="libwxzlib.a" />
					<Add library="libwxexpat.a" />
					<Add directory="Q:\wxWidgets-2.8.9\lib\gcc_lib" />
				</Linker>
			</Target>
		</Build>
		<Compiler>
			<Add option="-Wall" />
			<Add option="-pipe" />
			<Add option="-mthreads" />
			<Add option='[[if (PLATFORM == PLATFORM_MSW &amp;&amp; (GetCompilerFactory().GetCompilerVersionString(_T(&quot;gcc&quot;)) &gt;= _T(&quot;4.0.0&quot;))) print(_T(&quot;-Wno-attributes&quot;));]]' />
			<Add option="-D__GNUWIN32__" />
			<Add option="-D__WXMSW__" />
			<Add option="-DwxUSE_UNICODE" />
			<Add directory="Q:\wxWidgets-2.8.9\include" />
			<Add directory="Q:\wxWidgets-2.8.9\contrib\include" />
			<Add directory=".." />
		</Compiler>
		<ResourceCompiler>
			<Add directory="Q:\wxWidgets-2.8.9\include" />
		</ResourceCompiler>
		<Linker>
			<Add option="-lpdf" />
			<Add option="-ltab" />
			<Add library="libkernel32.a" />
			<Add library="libuser32.a" />
			<Add library="libgdi32.a" />
			<Add library="libwinspool.a" />
			<Add library="libcomdlg32.a" />
			<Add library="libadvapi32.a" />
			<Add library="libshell32.a" />
			<Add library="libole32.a" />
			<Add library="liboleaut32.a" />
			<Add library="libuuid.a" />
			<Add library="libcomctl32.a" />
			<Add library="libwsock32.a" />
			<Add library="libodbc32.a" />
			<Add directory="..\libpdf" />
			<Add directory="Q:\vir\pdf\tabulator\" />
		</Linker>
		<Unit filename="Excel.cxx" />
		<Unit filename="Excel.hpp" />
		<Unit filename="WxTabCanvas.cxx" />
		<Unit filename="WxTabCanvas.hpp" />
		<Unit filename="WxTabDocument.cxx" />
		<Unit filename="WxTabDocument.hpp" />
		<Unit filename="WxTabFrame.cxx" />
		<Unit filename="WxTabFrame.hpp" />
		<Unit filename="WxTabTabulator.cxx" />
		<Unit filename="WxTabTabulator.hpp" />
		<Unit filename="excel16.xpm" />
		<Unit filename="wxtab.cxx" />
		<Extensions>
			<code_completion />
			<envvars />
			<debugger />
		</Extensions>
	</Project>
</CodeBlocks_project_file>
