<?xml version="1.0" encoding="utf-8"?>
<Project ToolsVersion="4.0" xmlns="http://schemas.microsoft.com/developer/msbuild/2003">
  <ItemGroup>
    <Filter Include="Source Files">
      <UniqueIdentifier>{924aa377-bc28-4e97-84fa-08818a896c5b}</UniqueIdentifier>
      <Extensions>cpp;c;cxx;rc;def;r;odl;idl;hpj;bat</Extensions>
    </Filter>
    <Filter Include="Header Files">
      <UniqueIdentifier>{006d5ba9-1f33-4b50-bf6d-52b01ece62d8}</UniqueIdentifier>
      <Extensions>h;hpp;hxx;hm;inl</Extensions>
    </Filter>
  </ItemGroup>
  <ItemGroup>
    <ClCompile Include="AES.c">
      <Filter>Source Files</Filter>
    </ClCompile>
    <ClCompile Include="Crypto.cxx">
      <Filter>Source Files</Filter>
    </ClCompile>
    <ClCompile Include="Document.cxx">
      <Filter>Source Files</Filter>
    </ClCompile>
    <ClCompile Include="File.cxx">
      <Filter>Source Files</Filter>
    </ClCompile>
    <ClCompile Include="Filter.cxx">
      <Filter>Source Files</Filter>
    </ClCompile>
    <ClCompile Include="Filter_AESV2.cxx">
      <Filter>Source Files</Filter>
    </ClCompile>
    <ClCompile Include="Filter_Base85.cxx">
      <Filter>Source Files</Filter>
    </ClCompile>
    <ClCompile Include="Filter_Flate.cxx">
      <Filter>Source Files</Filter>
    </ClCompile>
    <ClCompile Include="Font.cxx">
      <Filter>Source Files</Filter>
    </ClCompile>
    <ClCompile Include="Font_CMap.cxx">
      <Filter>Source Files</Filter>
    </ClCompile>
    <ClCompile Include="Font_Encoding.cxx">
      <Filter>Source Files</Filter>
    </ClCompile>
    <ClCompile Include="Font_StdFonts.cxx">
      <Filter>Source Files</Filter>
    </ClCompile>
    <ClCompile Include="Object.cxx">
      <Filter>Source Files</Filter>
    </ClCompile>
    <ClCompile Include="ObjectsCache.cxx">
      <Filter>Source Files</Filter>
    </ClCompile>
    <ClCompile Include="ObjStrm.cxx">
      <Filter>Source Files</Filter>
    </ClCompile>
    <ClCompile Include="Page.cxx">
      <Filter>Source Files</Filter>
    </ClCompile>
    <ClCompile Include="Page_Path.cxx">
      <Filter>Source Files</Filter>
    </ClCompile>
    <ClCompile Include="Page_TextObject.cxx">
      <Filter>Source Files</Filter>
    </ClCompile>
    <ClCompile Include="SecHandler.cxx">
      <Filter>Source Files</Filter>
    </ClCompile>
    <ClCompile Include="Font_Metrics.cxx">
      <Filter>Source Files</Filter>
    </ClCompile>
    <ClCompile Include="Page_Render.cxx">
      <Filter>Source Files</Filter>
    </ClCompile>
  </ItemGroup>
  <ItemGroup>
    <ClInclude Include="AES.h">
      <Filter>Header Files</Filter>
    </ClInclude>
    <ClInclude Include="Crypto.hpp">
      <Filter>Header Files</Filter>
    </ClInclude>
    <ClInclude Include="Ctm.hpp">
      <Filter>Header Files</Filter>
    </ClInclude>
    <ClInclude Include="Document.hpp">
      <Filter>Header Files</Filter>
    </ClInclude>
    <ClInclude Include="Exceptions.hpp">
      <Filter>Header Files</Filter>
    </ClInclude>
    <ClInclude Include="File.hpp">
      <Filter>Header Files</Filter>
    </ClInclude>
    <ClInclude Include="Filter.hpp">
      <Filter>Header Files</Filter>
    </ClInclude>
    <ClInclude Include="Font.hpp">
      <Filter>Header Files</Filter>
    </ClInclude>
    <ClInclude Include="Font_CMap.hpp">
      <Filter>Header Files</Filter>
    </ClInclude>
    <ClInclude Include="Font_Encoding.hpp">
      <Filter>Header Files</Filter>
    </ClInclude>
    <ClInclude Include="Font_StdFonts.hpp">
      <Filter>Header Files</Filter>
    </ClInclude>
    <ClInclude Include="GraphicsState.hpp">
      <Filter>Header Files</Filter>
    </ClInclude>
    <ClInclude Include="Media.hpp">
      <Filter>Header Files</Filter>
    </ClInclude>
    <ClInclude Include="Object.hpp">
      <Filter>Header Files</Filter>
    </ClInclude>
    <ClInclude Include="ObjectsCache.hpp">
      <Filter>Header Files</Filter>
    </ClInclude>
    <ClInclude Include="ObjStrm.hpp">
      <Filter>Header Files</Filter>
    </ClInclude>
    <ClInclude Include="OH.hpp">
      <Filter>Header Files</Filter>
    </ClInclude>
    <ClInclude Include="Page.hpp">
      <Filter>Header Files</Filter>
    </ClInclude>
    <ClInclude Include="Page_Path.hpp">
      <Filter>Header Files</Filter>
    </ClInclude>
    <ClInclude Include="Page_TextObject.h">
      <Filter>Header Files</Filter>
    </ClInclude>
    <ClInclude Include="Point.hpp">
      <Filter>Header Files</Filter>
    </ClInclude>
    <ClInclude Include="Rect.hpp">
      <Filter>Header Files</Filter>
    </ClInclude>
    <ClInclude Include="SecHandler.hpp">
      <Filter>Header Files</Filter>
    </ClInclude>
    <ClInclude Include="Font_Metrics.hpp">
      <Filter>Header Files</Filter>
    </ClInclude>
  </ItemGroup>
</Project>